
Microsoft Visual Studio Solution File, Format Version 12.00
# Visual Studio Version 17
VisualStudioVersion = 17.5.002.0
MinimumVisualStudioVersion = 10.0.40219.1
Project("{9A19103F-16F7-4668-BE54-9A1E7A4F7556}") = "MyDiscordBot", "MyDiscordBot\MyDiscordBot.csproj", "{4F3C1550-FD66-4436-AD35-52883BCEFAAA}"
EndProject
Global
	GlobalSection(SolutionConfigurationPlatforms) = preSolution
		Debug|Any CPU = Debug|Any CPU
		Release|Any CPU = Release|Any CPU
	EndGlobalSection
	GlobalSection(ProjectConfigurationPlatforms) = postSolution
		{4F3C1550-FD66-4436-AD35-52883BCEFAAA}.Debug|Any CPU.ActiveCfg = Debug|Any CPU
		{4F3C1550-FD66-4436-AD35-52883BCEFAAA}.Debug|Any CPU.Build.0 = Debug|Any CPU
		{4F3C1550-FD66-4436-AD35-52883BCEFAAA}.Release|Any CPU.ActiveCfg = Release|Any CPU
		{4F3C1550-FD66-4436-AD35-52883BCEFAAA}.Release|Any CPU.Build.0 = Release|Any CPU
	EndGlobalSection
	GlobalSection(SolutionProperties) = preSolution
		HideSolutionNode = FALSE
	EndGlobalSection
	GlobalSection(ExtensibilityGlobals) = postSolution
		SolutionGuid = {8A196203-035E-4A0B-AB37-2679E1CD439E}
	EndGlobalSection
EndGlobal
